
Microsoft Visual Studio Solution File, Format Version 12.00
# Visual Studio Version 17
VisualStudioVersion = 17.5.002.0
MinimumVisualStudioVersion = 10.0.40219.1
Project("{2150E333-8FDC-42A3-9474-1A3956D46DE8}") = "js", "js", "{5E06ADD2-D729-4B64-8116-5F33F743AA92}"
EndProject
Project("{9A19103F-16F7-4668-BE54-9A1E7A4F7556}") = "testecs", "js\testecs\testecs.csproj", "{02162AC2-FAE1-4BF3-9430-03494865E763}"
EndProject
Global
	GlobalSection(SolutionConfigurationPlatforms) = preSolution
		Debug|Any CPU = Debug|Any CPU
		Release|Any CPU = Release|Any CPU
	EndGlobalSection
	GlobalSection(ProjectConfigurationPlatforms) = postSolution
		{02162AC2-FAE1-4BF3-9430-03494865E763}.Debug|Any CPU.ActiveCfg = Debug|Any CPU
		{02162AC2-FAE1-4BF3-9430-03494865E763}.Debug|Any CPU.Build.0 = Debug|Any CPU
		{02162AC2-FAE1-4BF3-9430-03494865E763}.Release|Any CPU.ActiveCfg = Release|Any CPU
		{02162AC2-FAE1-4BF3-9430-03494865E763}.Release|Any CPU.Build.0 = Release|Any CPU
	EndGlobalSection
	GlobalSection(SolutionProperties) = preSolution
		HideSolutionNode = FALSE
	EndGlobalSection
	GlobalSection(NestedProjects) = preSolution
		{02162AC2-FAE1-4BF3-9430-03494865E763} = {5E06ADD2-D729-4B64-8116-5F33F743AA92}
	EndGlobalSection
	GlobalSection(ExtensibilityGlobals) = postSolution
		SolutionGuid = {85827C78-80D2-47CB-AB45-16CDC0AC2E3E}
	EndGlobalSection
EndGlobal
